
Microsoft Visual Studio Solution File, Format Version 12.00
# Visual Studio Version 16
VisualStudioVersion = 16.0.29519.87
MinimumVisualStudioVersion = 10.0.40219.1
Project("{FAE04EC0-301F-11D3-BF4B-00C04F79EFBC}") = "WebAPI", "WebAPI.csproj", "{D46288CC-89F8-42F8-B4FD-6BECFB5A0917}"
EndProject
Global
	GlobalSection(SolutionConfigurationPlatforms) = preSolution
		Debug|Any CPU = Debug|Any CPU
		Release|Any CPU = Release|Any CPU
	EndGlobalSection
	GlobalSection(ProjectConfigurationPlatforms) = postSolution
		{D46288CC-89F8-42F8-B4FD-6BECFB5A0917}.Debug|Any CPU.ActiveCfg = Debug|Any CPU
		{D46288CC-89F8-42F8-B4FD-6BECFB5A0917}.Debug|Any CPU.Build.0 = Debug|Any CPU
		{D46288CC-89F8-42F8-B4FD-6BECFB5A0917}.Release|Any CPU.ActiveCfg = Release|Any CPU
		{D46288CC-89F8-42F8-B4FD-6BECFB5A0917}.Release|Any CPU.Build.0 = Release|Any CPU
	EndGlobalSection
	GlobalSection(SolutionProperties) = preSolution
		HideSolutionNode = FALSE
	EndGlobalSection
	GlobalSection(ExtensibilityGlobals) = postSolution
		SolutionGuid = {DD48BD19-8BA8-4DFA-AFAD-D473C700B573}
	EndGlobalSection
EndGlobal
